<?xml version="1.0" encoding="utf-8"?>
<Project ToolsVersion="4.0" xmlns="http://schemas.microsoft.com/developer/msbuild/2003">
  <ItemGroup>
    <Filter Include="Source Files">
      <UniqueIdentifier>{4FC737F1-C7A5-4376-A066-2A32D752A2FF}</UniqueIdentifier>
      <Extensions>cpp;c;cc;cxx;def;odl;idl;hpj;bat;asm;asmx</Extensions>
    </Filter>
    <Filter Include="Header Files">
      <UniqueIdentifier>{93995380-89BD-4b04-88EB-625FBE52EBFB}</UniqueIdentifier>
      <Extensions>h;hh;hpp;hxx;hm;inl;inc;ipp;xsd</Extensions>
    </Filter>
    <Filter Include="Resource Files">
      <UniqueIdentifier>{67DA6AB6-F800-4c08-8B7A-83BB121AAD01}</UniqueIdentifier>
      <Extensions>rc;ico;cur;bmp;dlg;rc2;rct;bin;rgs;gif;jpg;jpeg;jpe;resx;tiff;tif;png;wav;mfcribbon-ms</Extensions>
    </Filter>
    <Filter Include="Header Files\Player">
      <UniqueIdentifier>{a74784e8-32f9-4161-8da1-e6b36470c353}</UniqueIdentifier>
    </Filter>
    <Filter Include="Source Files\Player">
      <UniqueIdentifier>{de861a06-9796-4da1-91b2-318b6faa8131}</UniqueIdentifier>
    </Filter>
    <Filter Include="Source Files\Menu">
      <UniqueIdentifier>{de3a7aa8-2da3-4de3-b1ed-0c74d7c73319}</UniqueIdentifier>
    </Filter>
    <Filter Include="Header Files\Menu">
      <UniqueIdentifier>{f24507a7-7fd5-4d71-aa35-18b1d862ede4}</UniqueIdentifier>
    </Filter>
    <Filter Include="Header Files\Enemies">
      <UniqueIdentifier>{29d064a1-c944-46d0-853f-c7b9ad5ded09}</UniqueIdentifier>
    </Filter>
    <Filter Include="Source Files\Enemies">
      <UniqueIdentifier>{0ae3f22a-81a2-4356-b980-b843dc11a89e}</UniqueIdentifier>
    </Filter>
  </ItemGroup>
  <ItemGroup>
    <ClInclude Include="include\Game.h">
      <Filter>Header Files</Filter>
    </ClInclude>
    <ClInclude Include="include\Player.h">
      <Filter>Header Files\Player</Filter>
    </ClInclude>
    <ClInclude Include="include\ResourceManager.h">
      <Filter>Header Files</Filter>
    </ClInclude>
    <ClInclude Include="include\XBOX360CONTROLLER.h">
      <Filter>Header Files</Filter>
    </ClInclude>
    <ClInclude Include="include\Utility.h">
      <Filter>Header Files</Filter>
    </ClInclude>
    <ClInclude Include="include\tinyfsm.hpp">
      <Filter>Header Files</Filter>
    </ClInclude>
    <ClInclude Include="include\AnimatedSprite.h">
      <Filter>Header Files</Filter>
    </ClInclude>
    <ClInclude Include="include\Input.h">
      <Filter>Header Files</Filter>
    </ClInclude>
    <ClInclude Include="include\FSM.h">
      <Filter>Header Files</Filter>
    </ClInclude>
    <ClInclude Include="include\Container.h">
      <Filter>Header Files\Menu</Filter>
    </ClInclude>
    <ClInclude Include="include\CreditsScreen.h">
      <Filter>Header Files\Menu</Filter>
    </ClInclude>
    <ClInclude Include="include\Frame.h">
      <Filter>Header Files\Menu</Filter>
    </ClInclude>
    <ClInclude Include="include\GameScreen.h">
      <Filter>Header Files\Menu</Filter>
    </ClInclude>
    <ClInclude Include="include\Label.h">
      <Filter>Header Files\Menu</Filter>
    </ClInclude>
    <ClInclude Include="include\Layout.h">
      <Filter>Header Files\Menu</Filter>
    </ClInclude>
    <ClInclude Include="include\LicenseScreen.h">
      <Filter>Header Files\Menu</Filter>
    </ClInclude>
    <ClInclude Include="include\MainMenu.h">
      <Filter>Header Files\Menu</Filter>
    </ClInclude>
    <ClInclude Include="include\OptionMenu.h">
      <Filter>Header Files\Menu</Filter>
    </ClInclude>
    <ClInclude Include="include\RadioButton.h">
      <Filter>Header Files\Menu</Filter>
    </ClInclude>
    <ClInclude Include="include\Slider.h">
      <Filter>Header Files\Menu</Filter>
    </ClInclude>
    <ClInclude Include="include\SplashScreen.h">
      <Filter>Header Files\Menu</Filter>
    </ClInclude>
    <ClInclude Include="include\States.h">
      <Filter>Header Files\Menu</Filter>
    </ClInclude>
    <ClInclude Include="include\TextButton.h">
      <Filter>Header Files\Menu</Filter>
    </ClInclude>
    <ClInclude Include="include\VLayout.h">
      <Filter>Header Files\Menu</Filter>
    </ClInclude>
    <ClInclude Include="include\Widget.h">
      <Filter>Header Files\Menu</Filter>
    </ClInclude>
    <ClInclude Include="include\button.h">
      <Filter>Header Files\Menu</Filter>
    </ClInclude>
    <ClInclude Include="include\CheckButton.h">
      <Filter>Header Files\Menu</Filter>
    </ClInclude>
    <ClInclude Include="include\Obstacle.h">
      <Filter>Header Files</Filter>
    </ClInclude>
    <ClInclude Include="include\ParticlePool.h">
      <Filter>Header Files</Filter>
    </ClInclude>
    <ClInclude Include="include\particleSystem.h">
      <Filter>Header Files</Filter>
    </ClInclude>
    <ClInclude Include="include\MyListener.h">
      <Filter>Header Files</Filter>
    </ClInclude>
    <ClInclude Include="include\LevelLoader.h">
      <Filter>Header Files</Filter>
    </ClInclude>
    <ClInclude Include="include\Enemy.h">
      <Filter>Header Files\Enemies</Filter>
    </ClInclude>
    <ClInclude Include="include\EnemyHandler.h">
      <Filter>Header Files\Enemies</Filter>
    </ClInclude>
    <ClInclude Include="include\Shielder.h">
      <Filter>Header Files\Enemies</Filter>
    </ClInclude>
    <ClInclude Include="include\Exit.h">
      <Filter>Header Files</Filter>
    </ClInclude>
    <ClInclude Include="include\Orb.h">
      <Filter>Header Files\Player</Filter>
    </ClInclude>
    <ClInclude Include="include\Charger.h">
      <Filter>Header Files\Enemies</Filter>
    </ClInclude>
    <ClInclude Include="include\EndScreen.h">
      <Filter>Header Files\Menu</Filter>
    </ClInclude>
    <ClInclude Include="include\Turret.h">
      <Filter>Header Files\Enemies</Filter>
    </ClInclude>
    <ClInclude Include="include\Crate.h">
      <Filter>Header Files</Filter>
    </ClInclude>
    <ClInclude Include="include\PhaseWall.h">
      <Filter>Header Files</Filter>
    </ClInclude>
    <ClInclude Include="include\Hud.h">
      <Filter>Header Files</Filter>
    </ClInclude>
    <ClInclude Include="include\Bullet.h">
      <Filter>Header Files\Enemies</Filter>
    </ClInclude>
    <ClInclude Include="include\Tutorials.h">
      <Filter>Header Files</Filter>
    </ClInclude>
    <ClInclude Include="include\Minimap.h">
      <Filter>Header Files</Filter>
    </ClInclude>
  </ItemGroup>
  <ItemGroup>
    <ClCompile Include="src\Game.cpp">
      <Filter>Source Files</Filter>
    </ClCompile>
    <ClCompile Include="src\Main.cpp">
      <Filter>Source Files</Filter>
    </ClCompile>
    <ClCompile Include="src\Player.cpp">
      <Filter>Source Files\Player</Filter>
    </ClCompile>
    <ClCompile Include="src\ResourceManager.cpp">
      <Filter>Source Files</Filter>
    </ClCompile>
    <ClCompile Include="src\XBOX360CONTROLLER.cpp">
      <Filter>Source Files</Filter>
    </ClCompile>
    <ClCompile Include="src\AnimatedSprite.cpp">
      <Filter>Source Files</Filter>
    </ClCompile>
    <ClCompile Include="src\Input.cpp">
      <Filter>Source Files</Filter>
    </ClCompile>
    <ClCompile Include="src\GameScreen.cpp">
      <Filter>Source Files\Menu</Filter>
    </ClCompile>
    <ClCompile Include="src\Label.cpp">
      <Filter>Source Files\Menu</Filter>
    </ClCompile>
    <ClCompile Include="src\Layout.cpp">
      <Filter>Source Files\Menu</Filter>
    </ClCompile>
    <ClCompile Include="src\LicenseScreen.cpp">
      <Filter>Source Files\Menu</Filter>
    </ClCompile>
    <ClCompile Include="src\MainMenu.cpp">
      <Filter>Source Files\Menu</Filter>
    </ClCompile>
    <ClCompile Include="src\RadioButton.cpp">
      <Filter>Source Files\Menu</Filter>
    </ClCompile>
    <ClCompile Include="src\Slider.cpp">
      <Filter>Source Files\Menu</Filter>
    </ClCompile>
    <ClCompile Include="src\SplashScreen.cpp">
      <Filter>Source Files\Menu</Filter>
    </ClCompile>
    <ClCompile Include="src\TextButton.cpp">
      <Filter>Source Files\Menu</Filter>
    </ClCompile>
    <ClCompile Include="src\VLayout.cpp">
      <Filter>Source Files\Menu</Filter>
    </ClCompile>
    <ClCompile Include="src\Widget.cpp">
      <Filter>Source Files\Menu</Filter>
    </ClCompile>
    <ClCompile Include="src\button.cpp">
      <Filter>Source Files\Menu</Filter>
    </ClCompile>
    <ClCompile Include="src\CheckButton.cpp">
      <Filter>Source Files\Menu</Filter>
    </ClCompile>
    <ClCompile Include="src\Container.cpp">
      <Filter>Source Files\Menu</Filter>
    </ClCompile>
    <ClCompile Include="src\CreditsScreen.cpp">
      <Filter>Source Files\Menu</Filter>
    </ClCompile>
    <ClCompile Include="src\Frame.cpp">
      <Filter>Source Files\Menu</Filter>
    </ClCompile>
    <ClCompile Include="src\OptionMenu.cpp">
      <Filter>Source Files\Menu</Filter>
    </ClCompile>
    <ClCompile Include="src\FSM.cpp">
      <Filter>Source Files</Filter>
    </ClCompile>
    <ClCompile Include="src\Obstacle.cpp">
      <Filter>Source Files</Filter>
    </ClCompile>
    <ClCompile Include="src\ParticlePool.cpp">
      <Filter>Source Files</Filter>
    </ClCompile>
    <ClCompile Include="src\particleSystem.cpp">
      <Filter>Source Files</Filter>
    </ClCompile>
    <ClCompile Include="src\LevelLoader.cpp">
      <Filter>Source Files</Filter>
    </ClCompile>
    <ClCompile Include="src\EnemyHandler.cpp">
      <Filter>Source Files\Enemies</Filter>
    </ClCompile>
    <ClCompile Include="src\Enemy.cpp">
      <Filter>Source Files\Enemies</Filter>
    </ClCompile>
    <ClCompile Include="src\Shielder.cpp">
      <Filter>Source Files\Enemies</Filter>
    </ClCompile>
    <ClCompile Include="src\Exit.cpp">
      <Filter>Source Files</Filter>
    </ClCompile>
    <ClCompile Include="src\Orb.cpp">
      <Filter>Source Files\Player</Filter>
    </ClCompile>
    <ClCompile Include="src\Charger.cpp">
      <Filter>Source Files\Enemies</Filter>
    </ClCompile>
    <ClCompile Include="src\EndScreen.cpp">
      <Filter>Source Files\Menu</Filter>
    </ClCompile>
    <ClCompile Include="src\Turret.cpp">
      <Filter>Source Files\Enemies</Filter>
    </ClCompile>
    <ClCompile Include="src\Crate.cpp">
      <Filter>Source Files</Filter>
    </ClCompile>
    <ClCompile Include="src\PhaseWall.cpp">
      <Filter>Source Files</Filter>
    </ClCompile>
    <ClCompile Include="src\Hud.cpp">
      <Filter>Source Files</Filter>
    </ClCompile>
    <ClCompile Include="src\Bullet.cpp">
      <Filter>Source Files\Enemies</Filter>
    </ClCompile>
    <ClCompile Include="src\Tutorials.cpp">
      <Filter>Source Files</Filter>
    </ClCompile>
    <ClCompile Include="src\Minimap.cpp">
      <Filter>Source Files</Filter>
    </ClCompile>
  </ItemGroup>
  <ItemGroup>
    <None Include="assets\levels\level1.yaml">
      <Filter>Resource Files</Filter>
    </None>
    <None Include="assets\levels\level2.yaml">
      <Filter>Resource Files</Filter>
    </None>
    <None Include="assets\levels\level3.yaml">
      <Filter>Resource Files</Filter>
    </None>
    <None Include="assets\levels\level4.yaml">
      <Filter>Resource Files</Filter>
    </None>
    <None Include="assets\levels\level5.yaml">
      <Filter>Resource Files</Filter>
    </None>
    <None Include="assets\levels\level6.yaml">
      <Filter>Resource Files</Filter>
    </None>
    <None Include="ClassDiagram.cd" />
  </ItemGroup>
</Project>